schema: '2.0'
stages:
  get_data:
    cmd: python src/get_data.py --config=params.yaml
    deps:
    - path: params.yaml
      hash: md5
      md5: 50ac31668eb366de040bac7ccaf396eb
      size: 771
    - path: src/get_data.py
      hash: md5
      md5: 737552b8a62fbbc4f43ad51dbc788267
      size: 1505
    outs:
    - path: dataset/kaggle_diabetes.csv
      hash: md5
      md5: 61eefdd65e4b474c3b4614c51ca93ff0
      size: 60057
