schema: '2.0'
stages:
  load_data:
    cmd: python src/load_data.py --config=params.yaml
    deps:
    - path: params.yaml
      hash: md5
      md5: dab4368f2570128d9257e38341ce11ea
      size: 1039
    - path: src/load_data.py
      hash: md5
      md5: 61926f48a21e968838b35b39a945de88
      size: 607
    outs:
    - path: data/raw/kaggle_diabetes.csv
      hash: md5
      md5: e8f41ee0ef40dc1efb9fba638227c94c
      size: 60517
  split_data:
    cmd: python src/split_data.py --config=params.yaml
    deps:
    - path: data/raw/kaggle_diabetes.csv
      hash: md5
      md5: e8f41ee0ef40dc1efb9fba638227c94c
      size: 60517
    - path: params.yaml
      hash: md5
      md5: dab4368f2570128d9257e38341ce11ea
      size: 1039
    - path: src/split_data.py
      hash: md5
      md5: 847c6906b78c9992ef67aa107aa9bd32
      size: 1339
    outs:
    - path: data/processed/X_test.csv
      hash: md5
      md5: b1dc147f3377263787a72ecc9335b935
      size: 11377
    - path: data/processed/X_train.csv
      hash: md5
      md5: 95ff72ade30f9114ef477256a4c8dcb2
      size: 45221
    - path: data/processed/y_test.csv
      hash: md5
      md5: 368a09cb5922c6c1a0498a6124f747ab
      size: 808
    - path: data/processed/y_train.csv
      hash: md5
      md5: 67a7ac1bf7b392fd19b3da75406c78c7
      size: 3208
  transform_data:
    cmd: python src/standrdize_data.py --config=params.yaml
    deps:
    - path: data/processed/X_test.csv
      hash: md5
      md5: b1dc147f3377263787a72ecc9335b935
      size: 11377
    - path: data/processed/X_train.csv
      hash: md5
      md5: 95ff72ade30f9114ef477256a4c8dcb2
      size: 45221
    - path: params.yaml
      hash: md5
      md5: dab4368f2570128d9257e38341ce11ea
      size: 1039
    - path: src/standrdize_data.py
      hash: md5
      md5: 26fe4aedca67c766d60f71ad5e0bf700
      size: 1250
    outs:
    - path: data/transform/X_test_transform.csv
      hash: md5
      md5: 3519a6e27d730bf2248bc80376d62284
      size: 63010
    - path: data/transform/X_train_transform.csv
      hash: md5
      md5: f9d909caa71eae7a7dda53ab08dc86c7
      size: 251483
    - path: saved_models/scalar.pkl
      hash: md5
      md5: b27cb28883e0e7baad29ef523b5028c0
      size: 833
  train_model:
    cmd: python src/xg_train.py --config=params.yaml
    deps:
    - path: data/processed/y_test.csv
      hash: md5
      md5: 368a09cb5922c6c1a0498a6124f747ab
      size: 808
    - path: data/processed/y_train.csv
      hash: md5
      md5: 67a7ac1bf7b392fd19b3da75406c78c7
      size: 3208
    - path: data/transform/X_test_transform.csv
      hash: md5
      md5: 3519a6e27d730bf2248bc80376d62284
      size: 63010
    - path: data/transform/X_train_transform.csv
      hash: md5
      md5: f9d909caa71eae7a7dda53ab08dc86c7
      size: 251483
    - path: params.yaml
      hash: md5
      md5: dab4368f2570128d9257e38341ce11ea
      size: 1039
    - path: src/xg_train.py
      hash: md5
      md5: 4d8da6da041bb7ef084409d60c867bde
      size: 1681
    outs:
    - path: saved_models/xgb_model.pkl
      hash: md5
      md5: 85f187c3e89e96c37b049f362bbb9b14
      size: 597012
